version = 1
revision = 3
requires-python = ">=3.14"

[[package]]
name = "basedpyright"
version = "1.39.9"
source = { registry = "https://pypi.org/simple" }
dependencies = [
    { name = "nodejs-wheel-binaries" },
]
sdist = { url = "https://files.pythonhosted.org/packages/7a/4b/c1f4e211e50389304d6af32b9280e026a7133e3ad59bbdf8f7a3250f8bee/basedpyright-1.39.9.tar.gz", hash = "sha256:32cbea5fc8273e89df3db20daea56cb7286e419ccdfdc479c64759d2dc071901", size = 24412216, upload-time = "2026-06-27T02:19:49.834Z" }
wheels = [
    { url = "https://files.pythonhosted.org/packages/2a/d4/e1fa108710d0498a18c77b1e13897f31eab47c69aa8cfe2d2a4df746541e/basedpyright-1.39.9-py3-none-any.whl", hash = "sha256:6b0837b9eba972c71895167ab9b127e6afdbc17abc92312e3f8d15ca82a5611c", size = 13374276, upload-time = "2026-06-27T02:19:54.431Z" },
]

[[package]]
name = "certifi"
version = "2026.7.22"
source = { registry = "https://pypi.org/simple" }
sdist = { url = "https://files.pythonhosted.org/packages/a3/c2/24167ea9858356b47a87a50d39908bfdb72ceeefe0041586e704e5376b3a/certifi-2026.7.22.tar.gz", hash = "sha256:741e2c3b351ddf169a738da9f2c048608ff7f2c5cc02f1ebc6b118bb090d5d55", size = 138112, upload-time = "2026-07-22T03:35:12.644Z" }
wheels = [
    { url = "https://files.pythonhosted.org/packages/0b/a7/71ac2cff56fec219ed242bb11b8efb69fcc4bec75db06fb7bfe35de520e6/certifi-2026.7.22-py3-none-any.whl", hash = "sha256:62f22742b58a1a33014a2b6b706588a8d7e2a88ae7bd1a6ebe8c992928483775", size = 136983, upload-time = "2026-07-22T03:35:11.276Z" },
]

[[package]]
name = "colorama"
version = "0.4.6"
source = { registry = "https://pypi.org/simple" }
sdist = { url = "https://files.pythonhosted.org/packages/d8/53/6f443c9a4a8358a93a6792e2acffb9d9d5cb0a5cfd8802644b7b1c9a02e4/colorama-0.4.6.tar.gz", hash = "sha256:08695f5cb7ed6e0531a20572697297273c47b8cae5a63ffc6d6ed5c201be6e44", size = 27697, upload-time = "2022-10-25T02:36:22.414Z" }
wheels = [
    { url = "https://files.pythonhosted.org/packages/d1/d6/3965ed04c63042e047cb6a3e6ed1a63a35087b6a609aa3a15ed8ac56c221/colorama-0.4.6-py2.py3-none-any.whl", hash = "sha256:4f1d9991f5acc0ca119f9d443620b77f9d6b33703e51011c16baf57afb285fc6", size = 25335, upload-time = "2022-10-25T02:36:20.889Z" },
]

[[package]]
name = "influxdb3-python"
version = "0.20.0"
source = { registry = "https://pypi.org/simple" }
dependencies = [
    { name = "certifi" },
    { name = "pyarrow" },
    { name = "python-dateutil" },
    { name = "reactivex" },
    { name = "urllib3" },
]
sdist = { url = "https://files.pythonhosted.org/packages/3b/f0/3fb234e83316e439a91d4d7ee5a2f569b9b81e5a709618c4168dca3a087b/influxdb3_python-0.20.0.tar.gz", hash = "sha256:f1e28c2f4f244d48006beeb82be7aea82ebdd3b3e1807250d124b6f1d53c5943", size = 102084, upload-time = "2026-06-11T06:49:53.012Z" }
wheels = [
    { url = "https://files.pythonhosted.org/packages/cd/2f/06961cdb1d38d0cdb3c6876970db227e69824a293896af6d1eb983fa1534/influxdb3_python-0.20.0-py3-none-any.whl", hash = "sha256:0914f05c2ed9b96f2962fb3d410068dda9c411b562dab22fae1d6c6599a37927", size = 86330, upload-time = "2026-06-11T06:49:52.016Z" },
]

[[package]]
name = "iniconfig"
version = "2.3.0"
source = { registry = "https://pypi.org/simple" }
sdist = { url = "https://files.pythonhosted.org/packages/72/34/14ca021ce8e5dfedc35312d08ba8bf51fdd999c576889fc2c24cb97f4f10/iniconfig-2.3.0.tar.gz", hash = "sha256:c76315c77db068650d49c5b56314774a7804df16fee4402c1f19d6d15d8c4730", size = 20503, upload-time = "2025-10-18T21:55:43.219Z" }
wheels = [
    { url = "https://files.pythonhosted.org/packages/cb/b1/3846dd7f199d53cb17f49cba7e651e9ce294d8497c8c150530ed11865bb8/iniconfig-2.3.0-py3-none-any.whl", hash = "sha256:f631c04d2c48c52b84d0d0549c99ff3859c98df65b3101406327ecc7d53fbf12", size = 7484, upload-time = "2025-10-18T21:55:41.639Z" },
]

[[package]]
name = "labmon"
version = "0.1.0"
source = { editable = "." }
dependencies = [
    { name = "influxdb3-python" },
]

[package.dev-dependencies]
dev = [
    { name = "basedpyright" },
    { name = "pytest" },
    { name = "ruff" },
    { name = "typos" },
]

[package.metadata]
requires-dist = [{ name = "influxdb3-python", specifier = ">=0.20.0" }]

[package.metadata.requires-dev]
dev = [
    { name = "basedpyright", specifier = ">=1.39.9" },
    { name = "pytest", specifier = ">=8.0.0" },
    { name = "ruff", specifier = ">=0.16.0" },
    { name = "typos", specifier = ">=1.48.0" },
]

[[package]]
name = "nodejs-wheel-binaries"
version = "24.16.0"
source = { registry = "https://pypi.org/simple" }
sdist = { url = "https://files.pythonhosted.org/packages/a3/22/2a5beb4e21417c73233d9f65cf6f3e96e891b80d2f550a8f630ebc6b88c6/nodejs_wheel_binaries-24.16.0.tar.gz", hash = "sha256:c973cb69dc5fd16e6f6dc6e579e2c3d5534e2a1f57619dddf5ba070efa7dde37", size = 8056, upload-time = "2026-05-30T16:52:09.807Z" }
wheels = [
    { url = "https://files.pythonhosted.org/packages/83/d1/68b43b53cd0fa83ae6fd406705023ca988d9e0ca41c724d82e66fbeb2ef6/nodejs_wheel_binaries-24.16.0-py2.py3-none-macosx_13_0_arm64.whl", hash = "sha256:d9f8f677dcf30e37ac244f07869726abe043f01eb0f45722b1df31cc2af7093c", size = 55666374, upload-time = "2026-05-30T16:51:39.588Z" },
    { url = "https://files.pythonhosted.org/packages/e9/b2/40a989159599080da485de966c4c2d207e852ac7aa7864702626d96c8bf5/nodejs_wheel_binaries-24.16.0-py2.py3-none-macosx_13_0_x86_64.whl", hash = "sha256:3d0370fe7120ce9697a4f60d40480d2bd8808d9f30131458d5afc0040d4e5a51", size = 55838487, upload-time = "2026-05-30T16:51:43.383Z" },
    { url = "https://files.pythonhosted.org/packages/d7/a7/cd42174fb5ff6faff7fa8d326a18914d8f232098ab5de055b57c16fa13ca/nodejs_wheel_binaries-24.16.0-py2.py3-none-manylinux_2_28_aarch64.whl", hash = "sha256:85dc92bbb79c851569c5925dcc2a4c915a034efab375f99e4e7e6bbe9cca8342", size = 60179540, upload-time = "2026-05-30T16:51:47.036Z" },
    { url = "https://files.pythonhosted.org/packages/2b/95/c8a1f9ae140aa28df8744d984d01d4b3af7cdd6555af12127f40ceb45a7d/nodejs_wheel_binaries-24.16.0-py2.py3-none-manylinux_2_28_x86_64.whl", hash = "sha256:2f3036292811514ba847b3708492644764f88a833ac425c5f55007014308ddfd", size = 60716262, upload-time = "2026-05-30T16:51:50.711Z" },
    { url = "https://files.pythonhosted.org/packages/64/c9/7c35b3737f59e36d0249c265397b7bff570519b95301d6e16ea361e904ad/nodejs_wheel_binaries-24.16.0-py2.py3-none-musllinux_1_2_aarch64.whl", hash = "sha256:db8a8a76ebd2b28ecbfc9ad464baa3707241b9e050a30e2efdf6f60c0f886502", size = 62230592, upload-time = "2026-05-30T16:51:55Z" },
    { url = "https://files.pythonhosted.org/packages/04/96/d931255cf9d11a84d6b54d882dba7434646467d568ccf070ea3418638df3/nodejs_wheel_binaries-24.16.0-py2.py3-none-musllinux_1_2_x86_64.whl", hash = "sha256:f1a3d8f7b4491cbbd023ba3fc4e901fcca2d9fb80d57f24ba3890de8b1dbac03", size = 62841759, upload-time = "2026-05-30T16:51:59.407Z" },
    { url = "https://files.pythonhosted.org/packages/a2/7b/8b7a3f41bc255411be30b6d7d288aab8ffd9ea2055db8555ced3548007b9/nodejs_wheel_binaries-24.16.0-py2.py3-none-win_amd64.whl", hash = "sha256:bb136be9944f0662dcf1120f45193a6b75b13fac378971a95cc42c9f879a81aa", size = 42027734, upload-time = "2026-05-30T16:52:03.348Z" },
    { url = "https://files.pythonhosted.org/packages/17/66/1ed71f1f529b8ca727d42c7ceb9db0bef145ce4a13dfc86fb50aa44f3be6/nodejs_wheel_binaries-24.16.0-py2.py3-none-win_arm64.whl", hash = "sha256:8308940b5edd0a50dc5267ea36ba21c9f668e83fe0d9f293937174d3a7e31c36", size = 39714528, upload-time = "2026-05-30T16:52:06.421Z" },
]

[[package]]
name = "packaging"
version = "26.2"
source = { registry = "https://pypi.org/simple" }
sdist = { url = "https://files.pythonhosted.org/packages/d7/f1/e7a6dd94a8d4a5626c03e4e99c87f241ba9e350cd9e6d75123f992427270/packaging-26.2.tar.gz", hash = "sha256:ff452ff5a3e828ce110190feff1178bb1f2ea2281fa2075aadb987c2fb221661", size = 228134, upload-time = "2026-04-24T20:15:23.917Z" }
wheels = [
    { url = "https://files.pythonhosted.org/packages/df/b2/87e62e8c3e2f4b32e5fe99e0b86d576da1312593b39f47d8ceef365e95ed/packaging-26.2-py3-none-any.whl", hash = "sha256:5fc45236b9446107ff2415ce77c807cee2862cb6fac22b8a73826d0693b0980e", size = 100195, upload-time = "2026-04-24T20:15:22.081Z" },
]

[[package]]
name = "pluggy"
version = "1.6.0"
source = { registry = "https://pypi.org/simple" }
sdist = { url = "https://files.pythonhosted.org/packages/f9/e2/3e91f31a7d2b083fe6ef3fa267035b518369d9511ffab804f839851d2779/pluggy-1.6.0.tar.gz", hash = "sha256:7dcc130b76258d33b90f61b658791dede3486c3e6bfb003ee5c9bfb396dd22f3", size = 69412, upload-time = "2025-05-15T12:30:07.975Z" }
wheels = [
    { url = "https://files.pythonhosted.org/packages/54/20/4d324d65cc6d9205fabedc306948156824eb9f0ee1633355a8f7ec5c66bf/pluggy-1.6.0-py3-none-any.whl", hash = "sha256:e920276dd6813095e9377c0bc5566d94c932c33b27a3e3945d8389c374dd4746", size = 20538, upload-time = "2025-05-15T12:30:06.134Z" },
]

[[package]]
name = "pyarrow"
version = "25.0.0"
source = { registry = "https://pypi.org/simple" }
sdist = { url = "https://files.pythonhosted.org/packages/27/f3/95428098d1fa7d04432fb750eed06b41304c2f6a5d3319985e64db2d9d41/pyarrow-25.0.0.tar.gz", hash = "sha256:d2d697008b5ec06d75952ef260c2e9a8a0f6ccfce24266c04c9c8ade927cb3b4", size = 1199181, upload-time = "2026-07-10T08:29:50.116Z" }
wheels = [
    { url = "https://files.pythonhosted.org/packages/55/c7/581ccbcdb3d897eb2893328d68db3d52eca373bf2a7e964d0a6276b8e85b/pyarrow-25.0.0-cp314-cp314-macosx_12_0_arm64.whl", hash = "sha256:72132b9a8a0a1840197794d4dea26080069b6b0981c116bc078762dc9691b21b", size = 35878945, upload-time = "2026-07-10T08:28:18.222Z" },
    { url = "https://files.pythonhosted.org/packages/64/d1/ccb01db7329ea0411ef4fbd9b62a04d3268b36777d4e758d5e39b91ddeab/pyarrow-25.0.0-cp314-cp314-macosx_12_0_x86_64.whl", hash = "sha256:e009ef945e498dca2f050ea10d2e9764cb44017254826fc4574fdb8d2530173b", size = 37630854, upload-time = "2026-07-10T08:28:23.452Z" },
    { url = "https://files.pythonhosted.org/packages/af/9f/2d81ba89d1e4198d0cb25fe7529de936830fdaec0db926bb52a1ef7080d4/pyarrow-25.0.0-cp314-cp314-manylinux_2_28_aarch64.whl", hash = "sha256:f57a39dbcb416345401c2e77a4373669b45fd111a1768e6cf267a7a0607ff0ec", size = 46905617, upload-time = "2026-07-10T08:28:29.376Z" },
    { url = "https://files.pythonhosted.org/packages/6a/29/0ed312ec800fb536f93783215126cee4b8977dcfeccba6f0f44df0cc87d7/pyarrow-25.0.0-cp314-cp314-manylinux_2_28_x86_64.whl", hash = "sha256:447df764beb07c544f0178a5f6b70ef44b9ecf382b3cdfad4c2d7867353c3887", size = 50119765, upload-time = "2026-07-10T08:28:35.826Z" },
    { url = "https://files.pythonhosted.org/packages/ca/88/cab5063ba0c4d46a9f6b4b7eb1c9029dc0302d65cd5ab3510c949a386568/pyarrow-25.0.0-cp314-cp314-musllinux_1_2_aarch64.whl", hash = "sha256:ac5dfeee59f9ceb4d45ba76e83b026c38c24334135bb329d8274baa49cec3c62", size = 50027563, upload-time = "2026-07-10T08:28:43.848Z" },
    { url = "https://files.pythonhosted.org/packages/7b/fb/4d24f1b7fe2e042dc4ef315ef75e4e702d8e46fe10c37e63caff00502b03/pyarrow-25.0.0-cp314-cp314-musllinux_1_2_x86_64.whl", hash = "sha256:f0f100dacf2c0f400601664a79d1a907ced4740514bb2b00917341038e2ce76f", size = 53162437, upload-time = "2026-07-10T08:28:52.819Z" },
    { url = "https://files.pythonhosted.org/packages/fa/65/da20806de93ca6ee91e72cb6a9b08b3ac890b46efc8d94a7326c651c4c81/pyarrow-25.0.0-cp314-cp314-win_amd64.whl", hash = "sha256:2e093efbecb5317372f819228fa4b4e6157eee48d3f0a7b0303705ebf81a7104", size = 28613262, upload-time = "2026-07-10T08:29:47.544Z" },
    { url = "https://files.pythonhosted.org/packages/86/9f/c632afb1d3ef4a7814cee236718235f3a47eac46e97eb87df40f550b6b48/pyarrow-25.0.0-cp314-cp314t-macosx_12_0_arm64.whl", hash = "sha256:26be35b80780d2d21f4bae3d568b1666337c3a89722cc1794c956a77017cb24e", size = 36120702, upload-time = "2026-07-10T08:28:59.577Z" },
    { url = "https://files.pythonhosted.org/packages/36/0a/093d53a0e72ad06e45d6443e00651bbc2d21af4211295086cbf4d873d3b9/pyarrow-25.0.0-cp314-cp314t-macosx_12_0_x86_64.whl", hash = "sha256:6f4812bfbf11ca7d8faf59eb8fff8bf4dd25ce3a38b62baa010cc17a0926d1b2", size = 37750674, upload-time = "2026-07-10T08:29:06.916Z" },
    { url = "https://files.pythonhosted.org/packages/8a/18/b37fc31a69cff4bdfb8842683def5612f551b93fff6f44375e4a4a6a5535/pyarrow-25.0.0-cp314-cp314t-manylinux_2_28_aarch64.whl", hash = "sha256:b8af8ceedf0c9c160fd2b63440f2d205b9404db85866c1217bfea601de7cfb50", size = 46912304, upload-time = "2026-07-10T08:29:14.656Z" },
    { url = "https://files.pythonhosted.org/packages/32/35/5cae19ba72493e5598022468b56f6a5571f399f485bf412f157356476caa/pyarrow-25.0.0-cp314-cp314t-manylinux_2_28_x86_64.whl", hash = "sha256:c70a5fd9a82bd1a702fd482bdc62d38dcb672fb2b449b1d7c0d7d1f4be7b7bfe", size = 50073652, upload-time = "2026-07-10T08:29:22.467Z" },
    { url = "https://files.pythonhosted.org/packages/2e/a5/ddd508424bdfd5e6945765e9e2ffc687e2f6115972badc8ecf423076c407/pyarrow-25.0.0-cp314-cp314t-musllinux_1_2_aarch64.whl", hash = "sha256:0490a7f8b38ffe11cc26526b50c65d111cb54ddac3717cec781806793f1244dc", size = 50058654, upload-time = "2026-07-10T08:29:29.689Z" },
    { url = "https://files.pythonhosted.org/packages/5f/a4/324d0db203ff5eebe8694ec2d6ec5a23f9aaa5d02e5b8c692914c518c33c/pyarrow-25.0.0-cp314-cp314t-musllinux_1_2_x86_64.whl", hash = "sha256:e83916bbcf380866b4e14255850b33323ff678dc9758411d0409cdd2523880b0", size = 53140153, upload-time = "2026-07-10T08:29:36.041Z" },
    { url = "https://files.pythonhosted.org/packages/bd/8d/d236e9c82fe315f9128885c8be3ec719f41965a1eb6b6f4b42470904cd41/pyarrow-25.0.0-cp314-cp314t-win_amd64.whl", hash = "sha256:13240f0d3dc5932ccd0bfa90cd76d835680b9d94a7661c635df4b703d40ce849", size = 28743657, upload-time = "2026-07-10T08:29:42.742Z" },
]

[[package]]
name = "pygments"
version = "2.20.0"
source = { registry = "https://pypi.org/simple" }
sdist = { url = "https://files.pythonhosted.org/packages/c3/b2/bc9c9196916376152d655522fdcebac55e66de6603a76a02bca1b6414f6c/pygments-2.20.0.tar.gz", hash = "sha256:6757cd03768053ff99f3039c1a36d6c0aa0b263438fcab17520b30a303a82b5f", size = 4955991, upload-time = "2026-03-29T13:29:33.898Z" }
wheels = [
    { url = "https://files.pythonhosted.org/packages/f4/7e/a72dd26f3b0f4f2bf1dd8923c85f7ceb43172af56d63c7383eb62b332364/pygments-2.20.0-py3-none-any.whl", hash = "sha256:81a9e26dd42fd28a23a2d169d86d7ac03b46e2f8b59ed4698fb4785f946d0176", size = 1231151, upload-time = "2026-03-29T13:29:30.038Z" },
]

[[package]]
name = "pytest"
version = "9.1.1"
source = { registry = "https://pypi.org/simple" }
dependencies = [
    { name = "colorama", marker = "sys_platform == 'win32'" },
    { name = "iniconfig" },
    { name = "packaging" },
    { name = "pluggy" },
    { name = "pygments" },
]
sdist = { url = "https://files.pythonhosted.org/packages/e4/47/b9efed96c114afcfa3c9d3fe98a76a1d14c74a9e266d397cf6eb64be5e01/pytest-9.1.1.tar.gz", hash = "sha256:1088fbde8f2b49d95a549a195707afa7a76a3ce9bcadc26b6d71f0ffda5fe313", size = 1636369, upload-time = "2026-06-19T10:58:32.857Z" }
wheels = [
    { url = "https://files.pythonhosted.org/packages/24/25/1de2678b631f5a49215c6c96fff41ba892b0a34df68d6d80292b1b48aa7f/pytest-9.1.1-py3-none-any.whl", hash = "sha256:37a86b45efb9a47a61a36449063e8e18d0cab3161329fc099eb21783169c4f0c", size = 386536, upload-time = "2026-06-19T10:58:31.347Z" },
]

[[package]]
name = "python-dateutil"
version = "2.9.0.post0"
source = { registry = "https://pypi.org/simple" }
dependencies = [
    { name = "six" },
]
sdist = { url = "https://files.pythonhosted.org/packages/66/c0/0c8b6ad9f17a802ee498c46e004a0eb49bc148f2fd230864601a86dcf6db/python-dateutil-2.9.0.post0.tar.gz", hash = "sha256:37dd54208da7e1cd875388217d5e00ebd4179249f90fb72437e91a35459a0ad3", size = 342432, upload-time = "2024-03-01T18:36:20.211Z" }
wheels = [
    { url = "https://files.pythonhosted.org/packages/ec/57/56b9bcc3c9c6a792fcbaf139543cee77261f3651ca9da0c93f5c1221264b/python_dateutil-2.9.0.post0-py2.py3-none-any.whl", hash = "sha256:a8b2bc7bffae282281c8140a97d3aa9c14da0b136dfe83f850eea9a5f7470427", size = 229892, upload-time = "2024-03-01T18:36:18.57Z" },
]

[[package]]
name = "reactivex"
version = "5.0.0"
source = { registry = "https://pypi.org/simple" }
dependencies = [
    { name = "typing-extensions" },
]
sdist = { url = "https://files.pythonhosted.org/packages/d0/aa/f7605d38763770443bdc3d13f686765bf36169084be60951514fdfd193f5/reactivex-5.0.0.tar.gz", hash = "sha256:3b027c16e0476a2d3a81e8ee5780389cb16164b9e6eaae6a1df6ad796aa03a22", size = 136597, upload-time = "2026-07-20T20:04:03.713Z" }
wheels = [
    { url = "https://files.pythonhosted.org/packages/97/45/fedda406c56dca118e29b907409570cc3e456555374989301cb4b6950cd1/reactivex-5.0.0-py3-none-any.whl", hash = "sha256:85f1c8e02b1fed9d8d4de2e42210beb3a8b4a0d7fe4ee4c1e1b236607363d26d", size = 256668, upload-time = "2026-07-20T20:04:02.475Z" },
]

[[package]]
name = "ruff"
version = "0.16.0"
source = { registry = "https://pypi.org/simple" }
sdist = { url = "https://files.pythonhosted.org/packages/4d/94/1e5e4967626faf12fa56999cd6222dff6992ceb086ad7945756baf70c7a7/ruff-0.16.0.tar.gz", hash = "sha256:e460aafd5495ec89efaa6ced2e4a9a581116451e1c88b9d37ef497e0f8e93982", size = 4790557, upload-time = "2026-07-23T19:11:30.981Z" }
wheels = [
    { url = "https://files.pythonhosted.org/packages/4b/81/1c8818fee7ce1a04cd7d1b3172e0a8f8e4f1dc4feb7fc390e16daa8af323/ruff-0.16.0-py3-none-linux_armv6l.whl", hash = "sha256:e5115729eb08c585e5121978ba5d5b60caeae394ce21b9fb5e6cd33a1c6c9b1e", size = 10754633, upload-time = "2026-07-23T19:10:46.415Z" },
    { url = "https://files.pythonhosted.org/packages/23/df/beaf59c09d68db84304d555f188b276a77132a5d5b0b67a5c762aa143628/ruff-0.16.0-py3-none-macosx_10_12_x86_64.whl", hash = "sha256:3c954b1d580bfa035b41654f7858cc7e71d5fc3ac5b723dd62bd9133830ed522", size = 10969164, upload-time = "2026-07-23T19:10:50.271Z" },
    { url = "https://files.pythonhosted.org/packages/42/ce/741cd197496a1abbf51352710fd15ed995d2a2be87189c1da26a450d6e83/ruff-0.16.0-py3-none-macosx_11_0_arm64.whl", hash = "sha256:e01c21d10eb1b29f47b7454e1f4056db9a3f0260c646aa88457c610291db9f81", size = 10488846, upload-time = "2026-07-23T19:10:52.639Z" },
    { url = "https://files.pythonhosted.org/packages/52/2a/a2db8e88cade358f5cdcb05674a917751074109315d014eb6352d9a893f7/ruff-0.16.0-py3-none-manylinux_2_17_aarch64.manylinux2014_aarch64.whl", hash = "sha256:6e364e5ed22ed8dc05082fd78e35308618260907ac2d3c1d637b2e682415b6c9", size = 10889729, upload-time = "2026-07-23T19:10:54.89Z" },
    { url = "https://files.pythonhosted.org/packages/42/65/62a771694ebd63029dc953e27dbad40e1588bd4860ff9fe881018fddaa49/ruff-0.16.0-py3-none-manylinux_2_17_armv7l.manylinux2014_armv7l.whl", hash = "sha256:d327b8fc113a1d4421a04f3839d3752057c8dd1ee320223a6f3f52d04ada462a", size = 10568275, upload-time = "2026-07-23T19:10:56.993Z" },
    { url = "https://files.pythonhosted.org/packages/3f/e2/ced249fe8af5f086c5c58cc21cc3356d50f32f7401c5df87050c999620a7/ruff-0.16.0-py3-none-manylinux_2_17_i686.manylinux2014_i686.whl", hash = "sha256:a9b50c55e263103586b3dcf5f73d479eb8cb5fdb6098fec59a62891dab653717", size = 11385112, upload-time = "2026-07-23T19:10:59.615Z" },
    { url = "https://files.pythonhosted.org/packages/87/0b/05154977a8fd69eeb6c103271f55403bfd8711f5c0f8ed07489d95a504e7/ruff-0.16.0-py3-none-manylinux_2_17_ppc64le.manylinux2014_ppc64le.whl", hash = "sha256:0ff4a79ce3ec0172f3241943835de1c4cb4e2dcd07f0f8c2d02603dbbbee4b17", size = 12207008, upload-time = "2026-07-23T19:11:02.154Z" },
    { url = "https://files.pythonhosted.org/packages/fb/29/98225831a3a1eab0e02f4acc6ca6559a98611dcc68b6965ff4b7234627c1/ruff-0.16.0-py3-none-manylinux_2_17_s390x.manylinux2014_s390x.whl", hash = "sha256:e95c448fca1fb2a18372a9440926c5a6ee789639bb975c72e7ae6d0b04218ab4", size = 11650842, upload-time = "2026-07-23T19:11:04.557Z" },
    { url = "https://files.pythonhosted.org/packages/91/66/6bd3cf90500653d55dc0ffc8507aa8300bd49d0214b2e8cb4d3fef2943ba/ruff-0.16.0-py3-none-manylinux_2_17_x86_64.manylinux2014_x86_64.whl", hash = "sha256:4f11a8d11010301d0a398a2fdef67691feca7294da6aef55e2150e8fa2cd520b", size = 11400718, upload-time = "2026-07-23T19:11:09.233Z" },
    { url = "https://files.pythonhosted.org/packages/8e/a2/a54eb4eae05d66364050a5d3b8a9c5ef88196531b3cbe7109d873f87f819/ruff-0.16.0-py3-none-manylinux_2_31_riscv64.whl", hash = "sha256:48044c678e9cb8698246c99b14aaccfa6601dea7379eb48a6f8f73f7a6d86cd0", size = 11426177, upload-time = "2026-07-23T19:11:11.994Z" },
    { url = "https://files.pythonhosted.org/packages/1a/be/16e3eea4b2a478a496919f5e36f17c4559e54620bd3bbac5d6affa068006/ruff-0.16.0-py3-none-musllinux_1_2_aarch64.whl", hash = "sha256:7aa0959bad8eb8bef50340154fc9b58678dae31fa4293afa38b44b6e552c0213", size = 10856126, upload-time = "2026-07-23T19:11:14.221Z" },
    { url = "https://files.pythonhosted.org/packages/a2/84/252eb8b868a16eec7257c14f504f77537e734b2d69c762e639e588e304a3/ruff-0.16.0-py3-none-musllinux_1_2_armv7l.whl", hash = "sha256:28ea2b7df8ebf7f9da6b7d47b230ab48f387c0a29be3b474c4d0740e197bb9af", size = 10571208, upload-time = "2026-07-23T19:11:16.378Z" },
    { url = "https://files.pythonhosted.org/packages/21/09/817a482f542f7570cbb4554b26e896610c7114f539b1d9e2d2145bf6bef6/ruff-0.16.0-py3-none-musllinux_1_2_i686.whl", hash = "sha256:33a3dfac8c35f81498dea9181bccc2f4c4bc8f1521a1dd9406e77643e0f0fb09", size = 11063329, upload-time = "2026-07-23T19:11:19.173Z" },
    { url = "https://files.pythonhosted.org/packages/2e/23/9403c180ca1cb9b1f7335f5c3e5305c09d49ea5b345196682a36028bde4a/ruff-0.16.0-py3-none-musllinux_1_2_x86_64.whl", hash = "sha256:a5237a0bda500d30d81b8e07a6973a5cbc772864cbf746ae2f4e8a2e01c9f4ed", size = 11489751, upload-time = "2026-07-23T19:11:21.74Z" },
    { url = "https://files.pythonhosted.org/packages/b2/1d/1b2ef7bcde851c78d7f17f1cca13fd6dc695fc4b3d6197941e72cae5b132/ruff-0.16.0-py3-none-win32.whl", hash = "sha256:7fab76fa065c873f41ff744347c6e77bcc3dfec4bcc754dc26b63d23c0f7f5fb", size = 10785885, upload-time = "2026-07-23T19:11:23.947Z" },
    { url = "https://files.pythonhosted.org/packages/b2/a3/d5e4ef7a56be3f928ffb90b94c25ba7d3cb9c7fe0736aeaaedf361770712/ruff-0.16.0-py3-none-win_amd64.whl", hash = "sha256:429c117f022bf481fabd9d551e7a3952b24c65e6ef44337ea09d90bebef14472", size = 11923141, upload-time = "2026-07-23T19:11:26.409Z" },
    { url = "https://files.pythonhosted.org/packages/cb/9a/8415f2657cbe200f41a4531ccededf135505a92d4a012229121f885b26f9/ruff-0.16.0-py3-none-win_arm64.whl", hash = "sha256:14296fedcd2705c77ab8235439278bbb38f285cf7da5528b00b3e330c3d4872d", size = 11273407, upload-time = "2026-07-23T19:11:28.705Z" },
]

[[package]]
name = "six"
version = "1.17.0"
source = { registry = "https://pypi.org/simple" }
sdist = { url = "https://files.pythonhosted.org/packages/94/e7/b2c673351809dca68a0e064b6af791aa332cf192da575fd474ed7d6f16a2/six-1.17.0.tar.gz", hash = "sha256:ff70335d468e7eb6ec65b95b99d3a2836546063f63acc5171de367e834932a81", size = 34031, upload-time = "2024-12-04T17:35:28.174Z" }
wheels = [
    { url = "https://files.pythonhosted.org/packages/b7/ce/149a00dd41f10bc29e5921b496af8b574d8413afcd5e30dfa0ed46c2cc5e/six-1.17.0-py2.py3-none-any.whl", hash = "sha256:4721f391ed90541fddacab5acf947aa0d3dc7d27b2e1e8eda2be8970586c3274", size = 11050, upload-time = "2024-12-04T17:35:26.475Z" },
]

[[package]]
name = "typing-extensions"
version = "4.16.0"
source = { registry = "https://pypi.org/simple" }
sdist = { url = "https://files.pythonhosted.org/packages/f6/cc/6253133b5bb138fc3306cebfbda2c520f545d36b5be2c7255cc528bb45d6/typing_extensions-4.16.0.tar.gz", hash = "sha256:dc983d19a509c94dba722ee6abd33940f7c05a89e243c47e907eb4db6f1a43e5", size = 113555, upload-time = "2026-07-02T08:40:05.92Z" }
wheels = [
    { url = "https://files.pythonhosted.org/packages/49/d3/b8441a820a491ddfc024b0b0cf0393375b75ea13866d9c66727e54c2fc80/typing_extensions-4.16.0-py3-none-any.whl", hash = "sha256:481caa481374e813c1b176ada14e97f1f67a4539ce9cfeb3f350d78d6370c2e8", size = 45571, upload-time = "2026-07-02T08:40:04.659Z" },
]

[[package]]
name = "typos"
version = "1.48.0"
source = { registry = "https://pypi.org/simple" }
sdist = { url = "https://files.pythonhosted.org/packages/8f/de/056cddea7634857249aa980d4dd3696f4519ea17f29a1bac65fc53307101/typos-1.48.0.tar.gz", hash = "sha256:75fa7b982ff943c8efc67606cdbaa866791d410585aa9b642e8f9cdfe16be217", size = 1838686, upload-time = "2026-06-30T18:59:31.381Z" }
wheels = [
    { url = "https://files.pythonhosted.org/packages/bc/05/af202f90e61bb12f1a48fcce660796b8442a6cea9c9a2d6262fe46e6d243/typos-1.48.0-py3-none-macosx_10_12_x86_64.whl", hash = "sha256:86ed4008416c39ff353094a1d8fb738704ec9dfa540bc046c1e6da750c4ea527", size = 3478006, upload-time = "2026-06-30T18:59:18.098Z" },
    { url = "https://files.pythonhosted.org/packages/79/5e/1e2d4f058247375baa7f33df017700a21cd574600ba515606e8c505bea14/typos-1.48.0-py3-none-macosx_11_0_arm64.whl", hash = "sha256:db8182b546ae7067c4d6e61017c1498dca44551e27ec8036c352e46cd5e40c66", size = 3387908, upload-time = "2026-06-30T18:59:19.67Z" },
    { url = "https://files.pythonhosted.org/packages/0b/0d/beb9fe4df9a7af13b25ebc245b8543f07ca9163afadc24515da0dc95f88c/typos-1.48.0-py3-none-manylinux_2_17_aarch64.manylinux2014_aarch64.whl", hash = "sha256:fa7ec06c13e9f22348d9c73ca1b99e861c47dbd0526c95a9283378040999a5de", size = 8254588, upload-time = "2026-06-30T18:59:21.1Z" },
    { url = "https://files.pythonhosted.org/packages/95/77/1f2cf02f62dcf65548ca09d59b7f4aab2579fb33a427b1e4ec13e065da82/typos-1.48.0-py3-none-manylinux_2_17_i686.manylinux2014_i686.whl", hash = "sha256:4e686af7a45c2fa2da3819d4620106ad2bc8e02ab274e65ed27f28dfb13ad1d6", size = 7334558, upload-time = "2026-06-30T18:59:22.638Z" },
    { url = "https://files.pythonhosted.org/packages/3e/de/20a2d4b8fc67376b6aad876671b840d5386b70782f7d280c94d08b945bb0/typos-1.48.0-py3-none-manylinux_2_17_x86_64.manylinux2014_x86_64.whl", hash = "sha256:2dbe2950add1a04f5653b9f51e97107c4b229e488a26630f344286725ebe61d9", size = 7756907, upload-time = "2026-06-30T18:59:24.137Z" },
    { url = "https://files.pythonhosted.org/packages/56/3a/1ef3bca7f932f03f43bb3101c963450ebd9281aec7adca25a99d7e010f43/typos-1.48.0-py3-none-musllinux_1_2_aarch64.whl", hash = "sha256:b2dcdcdeca1711014e3070ab09d0b617d1fae166a41a2819c6c81c2ad0f2e559", size = 7105528, upload-time = "2026-06-30T18:59:25.527Z" },
    { url = "https://files.pythonhosted.org/packages/7c/79/58920d4fe3ebfaae69f481c1d11a58c0868ac60cd84d8d7555ad8fa9c9de/typos-1.48.0-py3-none-musllinux_1_2_x86_64.whl", hash = "sha256:0aa61e85ab19d548b0b16d5d5ab88c034665de772689bdbb74c5b0740a458629", size = 8152031, upload-time = "2026-06-30T18:59:27.151Z" },
    { url = "https://files.pythonhosted.org/packages/83/e6/a1bc6bc09d6ad96678576a8a76c0f57604b6d52f12b6ef97563dfd618361/typos-1.48.0-py3-none-win32.whl", hash = "sha256:67afb5bc1e0de783a341cc891240c27f292c6ec440c4b6204f1295bb3dcbbb49", size = 3145061, upload-time = "2026-06-30T18:59:28.647Z" },
    { url = "https://files.pythonhosted.org/packages/b4/f9/505a9fcc67d2b5ffb65f2ea0462f17185162c03c010d21343ffe9cb6a904/typos-1.48.0-py3-none-win_amd64.whl", hash = "sha256:323126648140af40eacd90d729c0296aa746a82b765fba19b9aad9778bb39732", size = 3318798, upload-time = "2026-06-30T18:59:29.997Z" },
]

[[package]]
name = "urllib3"
version = "2.7.0"
source = { registry = "https://pypi.org/simple" }
sdist = { url = "https://files.pythonhosted.org/packages/53/0c/06f8b233b8fd13b9e5ee11424ef85419ba0d8ba0b3138bf360be2ff56953/urllib3-2.7.0.tar.gz", hash = "sha256:231e0ec3b63ceb14667c67be60f2f2c40a518cb38b03af60abc813da26505f4c", size = 433602, upload-time = "2026-05-07T16:13:18.596Z" }
wheels = [
    { url = "https://files.pythonhosted.org/packages/7f/3e/5db95bcf282c52709639744ca2a8b149baccf648e39c8cc87553df9eae0c/urllib3-2.7.0-py3-none-any.whl", hash = "sha256:9fb4c81ebbb1ce9531cce37674bbc6f1360472bc18ca9a553ede278ef7276897", size = 131087, upload-time = "2026-05-07T16:13:17.151Z" },
]
